
Microsoft Visual Studio Solution File, Format Version 12.00
# Visual Studio Version 16
VisualStudioVersion = 16.0.31205.134
MinimumVisualStudioVersion = 10.0.40219.1
Project("{FAE04EC0-301F-11D3-BF4B-00C04F79EFBC}") = "FemasCloudWnc", "FemasCloudWnc\FemasCloudWnc.csproj", "{2F51D9EE-B6A9-4473-8BA2-E2E005FEC854}"
EndProject
Global
	GlobalSection(SolutionConfigurationPlatforms) = preSolution
		Debug|Any CPU = Debug|Any CPU
		Release|Any CPU = Release|Any CPU
	EndGlobalSection
	GlobalSection(ProjectConfigurationPlatforms) = postSolution
		{2F51D9EE-B6A9-4473-8BA2-E2E005FEC854}.Debug|Any CPU.ActiveCfg = Debug|Any CPU
		{2F51D9EE-B6A9-4473-8BA2-E2E005FEC854}.Debug|Any CPU.Build.0 = Debug|Any CPU
		{2F51D9EE-B6A9-4473-8BA2-E2E005FEC854}.Release|Any CPU.ActiveCfg = Release|Any CPU
		{2F51D9EE-B6A9-4473-8BA2-E2E005FEC854}.Release|Any CPU.Build.0 = Release|Any CPU
	EndGlobalSection
	GlobalSection(SolutionProperties) = preSolution
		HideSolutionNode = FALSE
	EndGlobalSection
	GlobalSection(ExtensibilityGlobals) = postSolution
		SolutionGuid = {84F15024-51B9-4692-BC6F-04AE3783E21F}
	EndGlobalSection
EndGlobal
